
Microsoft Visual Studio Solution File, Format Version 12.00
# Visual Studio Version 17
VisualStudioVersion = 17.7.34024.191
MinimumVisualStudioVersion = 10.0.40219.1
Project("{8BC9CEB8-8B4A-11D0-8D11-00A0C91BC942}") = "Robotron", "Robotron\Robotron.vcxproj", "{FAAC655D-74AB-49C3-A00F-B8F2E1084113}"
	ProjectSection(ProjectDependencies) = postProject
		{CED0800C-97A9-43C3-BEEB-26A1345B7CF2} = {CED0800C-97A9-43C3-BEEB-26A1345B7CF2}
	EndProjectSection
EndProject
Project("{8BC9CEB8-8B4A-11D0-8D11-00A0C91BC942}") = "Engine", "Engine\Engine.vcxproj", "{CED0800C-97A9-43C3-BEEB-26A1345B7CF2}"
EndProject
Global
	GlobalSection(SolutionConfigurationPlatforms) = preSolution
		Debug|x64 = Debug|x64
		Debug|x86 = Debug|x86
		Release|x64 = Release|x64
		Release|x86 = Release|x86
	EndGlobalSection
	GlobalSection(ProjectConfigurationPlatforms) = postSolution
		{FAAC655D-74AB-49C3-A00F-B8F2E1084113}.Debug|x64.ActiveCfg = Debug|x64
		{FAAC655D-74AB-49C3-A00F-B8F2E1084113}.Debug|x64.Build.0 = Debug|x64
		{FAAC655D-74AB-49C3-A00F-B8F2E1084113}.Debug|x86.ActiveCfg = Debug|Win32
		{FAAC655D-74AB-49C3-A00F-B8F2E1084113}.Debug|x86.Build.0 = Debug|Win32
		{FAAC655D-74AB-49C3-A00F-B8F2E1084113}.Release|x64.ActiveCfg = Release|x64
		{FAAC655D-74AB-49C3-A00F-B8F2E1084113}.Release|x64.Build.0 = Release|x64
		{FAAC655D-74AB-49C3-A00F-B8F2E1084113}.Release|x86.ActiveCfg = Release|Win32
		{FAAC655D-74AB-49C3-A00F-B8F2E1084113}.Release|x86.Build.0 = Release|Win32
		{CED0800C-97A9-43C3-BEEB-26A1345B7CF2}.Debug|x64.ActiveCfg = Debug|x64
		{CED0800C-97A9-43C3-BEEB-26A1345B7CF2}.Debug|x64.Build.0 = Debug|x64
		{CED0800C-97A9-43C3-BEEB-26A1345B7CF2}.Debug|x86.ActiveCfg = Debug|Win32
		{CED0800C-97A9-43C3-BEEB-26A1345B7CF2}.Debug|x86.Build.0 = Debug|Win32
		{CED0800C-97A9-43C3-BEEB-26A1345B7CF2}.Release|x64.ActiveCfg = Release|x64
		{CED0800C-97A9-43C3-BEEB-26A1345B7CF2}.Release|x64.Build.0 = Release|x64
		{CED0800C-97A9-43C3-BEEB-26A1345B7CF2}.Release|x86.ActiveCfg = Release|Win32
		{CED0800C-97A9-43C3-BEEB-26A1345B7CF2}.Release|x86.Build.0 = Release|Win32
	EndGlobalSection
	GlobalSection(SolutionProperties) = preSolution
		HideSolutionNode = FALSE
	EndGlobalSection
	GlobalSection(ExtensibilityGlobals) = postSolution
		SolutionGuid = {F15732F7-49B2-4E39-8090-E4FA83691274}
	EndGlobalSection
EndGlobal
