<?xml version="1.0" encoding="utf-8"?>
<Project ToolsVersion="4.0" xmlns="http://schemas.microsoft.com/developer/msbuild/2003">
  <ItemGroup>
    <Filter Include="Source Files">
      <UniqueIdentifier>{4FC737F1-C7A5-4376-A066-2A32D752A2FF}</UniqueIdentifier>
      <Extensions>cpp;c;cc;cxx;c++;cppm;ixx;def;odl;idl;hpj;bat;asm;asmx</Extensions>
    </Filter>
    <Filter Include="Header Files">
      <UniqueIdentifier>{93995380-89BD-4b04-88EB-625FBE52EBFB}</UniqueIdentifier>
      <Extensions>h;hh;hpp;hxx;h++;hm;inl;inc;ipp;xsd</Extensions>
    </Filter>
    <Filter Include="Resource Files">
      <UniqueIdentifier>{67DA6AB6-F800-4c08-8B7A-83BB121AAD01}</UniqueIdentifier>
      <Extensions>rc;ico;cur;bmp;dlg;rc2;rct;bin;rgs;gif;jpg;jpeg;jpe;resx;tiff;tif;png;wav;mfcribbon-ms</Extensions>
    </Filter>
  </ItemGroup>
  <ItemGroup>
    <ClCompile Include="main.cpp">
      <Filter>Source Files</Filter>
    </ClCompile>
    <ClCompile Include="Robotron\src\Robotron.cpp">
      <Filter>Source Files</Filter>
    </ClCompile>
    <ClCompile Include="Robotron\src\GameObjects\GameManager.cpp">
      <Filter>Source Files</Filter>
    </ClCompile>
    <ClCompile Include="Robotron\src\GameObjects\GameObjectFactory.cpp">
      <Filter>Source Files</Filter>
    </ClCompile>
    <ClCompile Include="Robotron\src\GameObjects\GameCharacter.cpp">
      <Filter>Source Files</Filter>
    </ClCompile>
    <ClCompile Include="Robotron\src\GameObjects\Player.cpp">
      <Filter>Source Files</Filter>
    </ClCompile>
    <ClCompile Include="Robotron\src\GameObjects\Shooter.cpp">
      <Filter>Source Files</Filter>
    </ClCompile>
    <ClCompile Include="Robotron\src\GameObjects\Projectile.cpp">
      <Filter>Source Files</Filter>
    </ClCompile>
    <ClCompile Include="Robotron\src\GameObjects\Human.cpp">
      <Filter>Source Files</Filter>
    </ClCompile>
    <ClCompile Include="Robotron\src\GameObjects\NpcFollowPlayer.cpp">
      <Filter>Source Files</Filter>
    </ClCompile>
    <ClCompile Include="Robotron\src\GameObjects\NpcRandomWalk.cpp">
      <Filter>Source Files</Filter>
    </ClCompile>
    <ClCompile Include="Robotron\src\GameObjects\Hulk.cpp">
      <Filter>Source Files</Filter>
    </ClCompile>
    <ClCompile Include="Robotron\src\GameObjects\Sphereoid.cpp">
      <Filter>Source Files</Filter>
    </ClCompile>
    <ClCompile Include="Robotron\src\GameObjects\Enforcer.cpp">
      <Filter>Source Files</Filter>
    </ClCompile>
    <ClCompile Include="Robotron\src\GameObjects\TrackingProjectile.cpp">
      <Filter>Source Files</Filter>
    </ClCompile>
    <ClCompile Include="Robotron\src\GameObjects\Brain.cpp">
      <Filter>Source Files</Filter>
    </ClCompile>
    <ClCompile Include="Robotron\src\GameObjects\Tank.cpp">
      <Filter>Source Files</Filter>
    </ClCompile>
    <ClCompile Include="Robotron\src\GameObjects\BouncingProjectile.cpp">
      <Filter>Source Files</Filter>
    </ClCompile>
  </ItemGroup>
  <ItemGroup>
    <None Include="configs\scene.json" />
    <None Include="assets\models\player\player1.ply" />
    <None Include="assets\models\player\player2.ply" />
    <None Include="assets\models\player\player3.ply" />
    <None Include="assets\shaders\fragmentShader01.glsl" />
    <None Include="assets\shaders\vertexShader01.glsl" />
  </ItemGroup>
  <ItemGroup>
    <ClInclude Include="Robotron\include\Robotron.h">
      <Filter>Header Files</Filter>
    </ClInclude>
    <ClInclude Include="Robotron\include\GameObjects\GameManager.h">
      <Filter>Header Files</Filter>
    </ClInclude>
    <ClInclude Include="Robotron\include\GameObjects\iGameObject.h">
      <Filter>Header Files</Filter>
    </ClInclude>
    <ClInclude Include="Robotron\include\GameObjects\GameObjectFactory.h">
      <Filter>Header Files</Filter>
    </ClInclude>
    <ClInclude Include="Robotron\include\GameObjects\GameCharacter.h">
      <Filter>Header Files</Filter>
    </ClInclude>
    <ClInclude Include="Robotron\include\GameObjects\Player.h">
      <Filter>Header Files</Filter>
    </ClInclude>
    <ClInclude Include="Robotron\include\GameObjects\Grunt.h">
      <Filter>Header Files</Filter>
    </ClInclude>
    <ClInclude Include="Robotron\include\GameObjects\iGameMediator.h">
      <Filter>Header Files</Filter>
    </ClInclude>
    <ClInclude Include="Robotron\include\GameObjects\Shooter.h">
      <Filter>Header Files</Filter>
    </ClInclude>
    <ClInclude Include="Robotron\include\GameObjects\Projectile.h">
      <Filter>Header Files</Filter>
    </ClInclude>
    <ClInclude Include="Robotron\include\GameObjects\Human.h">
      <Filter>Header Files</Filter>
    </ClInclude>
    <ClInclude Include="Robotron\include\GameObjects\NpcRandomWalk.h">
      <Filter>Header Files</Filter>
    </ClInclude>
    <ClInclude Include="Robotron\include\GameObjects\NpcFollowPlayer.h">
      <Filter>Header Files</Filter>
    </ClInclude>
    <ClInclude Include="Robotron\include\GameObjects\Hulk.h">
      <Filter>Header Files</Filter>
    </ClInclude>
    <ClInclude Include="Robotron\include\GameObjects\Prog.h">
      <Filter>Header Files</Filter>
    </ClInclude>
    <ClInclude Include="Robotron\include\GameObjects\Sphereoid.h">
      <Filter>Header Files</Filter>
    </ClInclude>
    <ClInclude Include="Robotron\include\GameObjects\Enforcer.h">
      <Filter>Header Files</Filter>
    </ClInclude>
    <ClInclude Include="Robotron\include\GameObjects\TrackingProjectile.h">
      <Filter>Header Files</Filter>
    </ClInclude>
    <ClInclude Include="Robotron\include\GameObjects\Brain.h">
      <Filter>Header Files</Filter>
    </ClInclude>
    <ClInclude Include="Robotron\include\GameObjects\Tank.h">
      <Filter>Header Files</Filter>
    </ClInclude>
    <ClInclude Include="Robotron\include\GameObjects\BouncingProjectile.h">
      <Filter>Header Files</Filter>
    </ClInclude>
  </ItemGroup>
</Project>